// !$*UTF8*$!
{
	archiveVersion = 1;
	classes = {
	};
	objectVersion = 46;
	objects = {

/* Begin PBXBuildFile section */
		C9E71C6F1B978604000AE439 /* main.m in Sources */ = {isa = PBXBuildFile; fileRef = C9E71C6E1B978604000AE439 /* main.m */; };
		C9E71C721B978604000AE439 /* AppDelegate.m in Sources */ = {isa = PBXBuildFile; fileRef = C9E71C711B978604000AE439 /* AppDelegate.m */; };
		C9E71C751B978604000AE439 /* ViewController.m in Sources */ = {isa = PBXBuildFile; fileRef = C9E71C741B978604000AE439 /* ViewController.m */; };
		C9E71C781B978604000AE439 /* Main.storyboard in Resources */ = {isa = PBXBuildFile; fileRef = C9E71C761B978604000AE439 /* Main.storyboard */; };
		C9E71C7A1B978604000AE439 /* Images.xcassets in Resources */ = {isa = PBXBuildFile; fileRef = C9E71C791B978604000AE439 /* Images.xcassets */; };
		C9E71C7D1B978604000AE439 /* LaunchScreen.xib in Resources */ = {isa = PBXBuildFile; fileRef = C9E71C7B1B978604000AE439 /* LaunchScreen.xib */; };
		C9E71C891B978604000AE439 /* Peter_v_ChickenTests.m in Sources */ = {isa = PBXBuildFile; fileRef = C9E71C881B978604000AE439 /* Peter_v_ChickenTests.m */; };
		C9E71C941B978704000AE439 /* Tile.m in Sources */ = {isa = PBXBuildFile; fileRef = C9E71C931B978704000AE439 /* Tile.m */; };
		C9E71C971B978715000AE439 /* Character.m in Sources */ = {isa = PBXBuildFile; fileRef = C9E71C961B978715000AE439 /* Character.m */; };
		C9E71C9A1B978736000AE439 /* Armor.m in Sources */ = {isa = PBXBuildFile; fileRef = C9E71C991B978736000AE439 /* Armor.m */; };
		C9E71C9D1B978743000AE439 /* Weapon.m in Sources */ = {isa = PBXBuildFile; fileRef = C9E71C9C1B978743000AE439 /* Weapon.m */; };
		C9E71CA01B978765000AE439 /* Factory.m in Sources */ = {isa = PBXBuildFile; fileRef = C9E71C9F1B978765000AE439 /* Factory.m */; };
		C9E71CA51B9787B4000AE439 /* Boss.m in Sources */ = {isa = PBXBuildFile; fileRef = C9E71CA41B9787B4000AE439 /* Boss.m */; };
		C9E71CB31B978C8D000AE439 /* arrow-mini-down-icon.png in Resources */ = {isa = PBXBuildFile; fileRef = C9E71CAB1B978C8D000AE439 /* arrow-mini-down-icon.png */; };
		C9E71CB41B978C8D000AE439 /* arrow-mini-left-icon.png in Resources */ = {isa = PBXBuildFile; fileRef = C9E71CAC1B978C8D000AE439 /* arrow-mini-left-icon.png */; };
		C9E71CB51B978C8D000AE439 /* arrow-mini-right-icon.png in Resources */ = {isa = PBXBuildFile; fileRef = C9E71CAD1B978C8D000AE439 /* arrow-mini-right-icon.png */; };
		C9E71CB61B978C8D000AE439 /* arrow-mini-up-icon.png in Resources */ = {isa = PBXBuildFile; fileRef = C9E71CAE1B978C8D000AE439 /* arrow-mini-up-icon.png */; };
		C9E71CB71B978C8D000AE439 /* damage.png in Resources */ = {isa = PBXBuildFile; fileRef = C9E71CAF1B978C8D000AE439 /* damage.png */; };
		C9E71CBD1B9E65B4000AE439 /* armor.png in Resources */ = {isa = PBXBuildFile; fileRef = C9E71CBA1B9E65B4000AE439 /* armor.png */; };
		C9E71CBE1B9E65B4000AE439 /* heart.png in Resources */ = {isa = PBXBuildFile; fileRef = C9E71CBB1B9E65B4000AE439 /* heart.png */; };
		C9E71CBF1B9E65B4000AE439 /* weapon.png in Resources */ = {isa = PBXBuildFile; fileRef = C9E71CBC1B9E65B4000AE439 /* weapon.png */; };
		C9E71CCE1B9F6B0C000AE439 /* t1_joeshouse.png in Resources */ = {isa = PBXBuildFile; fileRef = C9E71CC21B9F6B0C000AE439 /* t1_joeshouse.png */; };
		C9E71CCF1B9F6B0C000AE439 /* t2_pawtucketbrewery.jpg in Resources */ = {isa = PBXBuildFile; fileRef = C9E71CC31B9F6B0C000AE439 /* t2_pawtucketbrewery.jpg */; };
		C9E71CD01B9F6B0C000AE439 /* t3_herbert.png in Resources */ = {isa = PBXBuildFile; fileRef = C9E71CC41B9F6B0C000AE439 /* t3_herbert.png */; };
		C9E71CD11B9F6B0C000AE439 /* t4_griffinshouse.jpg in Resources */ = {isa = PBXBuildFile; fileRef = C9E71CC51B9F6B0C000AE439 /* t4_griffinshouse.jpg */; };
		C9E71CD21B9F6B0C000AE439 /* t5_quahogminimart.jpg in Resources */ = {isa = PBXBuildFile; fileRef = C9E71CC61B9F6B0C000AE439 /* t5_quahogminimart.jpg */; };
		C9E71CD31B9F6B0C000AE439 /* t6_quagmirescabin.png in Resources */ = {isa = PBXBuildFile; fileRef = C9E71CC71B9F6B0C000AE439 /* t6_quagmirescabin.png */; };
		C9E71CD41B9F6B0C000AE439 /* t10_quagmireshouse.gif in Resources */ = {isa = PBXBuildFile; fileRef = C9E71CC81B9F6B0C000AE439 /* t10_quagmireshouse.gif */; };
		C9E71CD51B9F6B0C000AE439 /* t8_quahogmedical.png in Resources */ = {isa = PBXBuildFile; fileRef = C9E71CC91B9F6B0C000AE439 /* t8_quahogmedical.png */; };
		C9E71CD61B9F6B0C000AE439 /* t9_potatosalad.jpg in Resources */ = {isa = PBXBuildFile; fileRef = C9E71CCA1B9F6B0C000AE439 /* t9_potatosalad.jpg */; };
		C9E71CD71B9F6B0C000AE439 /* t7_meg.jpg in Resources */ = {isa = PBXBuildFile; fileRef = C9E71CCB1B9F6B0C000AE439 /* t7_meg.jpg */; };
		C9E71CD81B9F6B0C000AE439 /* t11_thedrunkenclam.jpg in Resources */ = {isa = PBXBuildFile; fileRef = C9E71CCC1B9F6B0C000AE439 /* t11_thedrunkenclam.jpg */; };
		C9E71CD91B9F6B0C000AE439 /* t12_chicken.jpeg in Resources */ = {isa = PBXBuildFile; fileRef = C9E71CCD1B9F6B0C000AE439 /* t12_chicken.jpeg */; };
		C9E71CDB1B9F7759000AE439 /* peter101.jpeg in Resources */ = {isa = PBXBuildFile; fileRef = C9E71CDA1B9F7759000AE439 /* peter101.jpeg */; };
		C9E71CDD1BA0B25E000AE439 /* peter_bloody2.jpg in Resources */ = {isa = PBXBuildFile; fileRef = C9E71CDC1BA0B25E000AE439 /* peter_bloody2.jpg */; };
/* End PBXBuildFile section */

/* Begin PBXContainerItemProxy section */
		C9E71C831B978604000AE439 /* PBXContainerItemProxy */ = {
			isa = PBXContainerItemProxy;
			containerPortal = C9E71C611B978603000AE439 /* Project object */;
			proxyType = 1;
			remoteGlobalIDString = C9E71C681B978603000AE439;
			remoteInfo = "Peter v Chicken";
		};
/* End PBXContainerItemProxy section */

/* Begin PBXFileReference section */
		C9E71C691B978603000AE439 /* Peter v Chicken.app */ = {isa = PBXFileReference; explicitFileType = wrapper.application; includeInIndex = 0; path = "Peter v Chicken.app"; sourceTree = BUILT_PRODUCTS_DIR; };
		C9E71C6D1B978604000AE439 /* Info.plist */ = {isa = PBXFileReference; lastKnownFileType = text.plist.xml; path = Info.plist; sourceTree = "<group>"; };
		C9E71C6E1B978604000AE439 /* main.m */ = {isa = PBXFileReference; lastKnownFileType = sourcecode.c.objc; path = main.m; sourceTree = "<group>"; };
		C9E71C701B978604000AE439 /* AppDelegate.h */ = {isa = PBXFileReference; lastKnownFileType = sourcecode.c.h; path = AppDelegate.h; sourceTree = "<group>"; };
		C9E71C711B978604000AE439 /* AppDelegate.m */ = {isa = PBXFileReference; lastKnownFileType = sourcecode.c.objc; path = AppDelegate.m; sourceTree = "<group>"; };
		C9E71C731B978604000AE439 /* ViewController.h */ = {isa = PBXFileReference; lastKnownFileType = sourcecode.c.h; path = ViewController.h; sourceTree = "<group>"; };
		C9E71C741B978604000AE439 /* ViewController.m */ = {isa = PBXFileReference; lastKnownFileType = sourcecode.c.objc; path = ViewController.m; sourceTree = "<group>"; };
		C9E71C771B978604000AE439 /* Base */ = {isa = PBXFileReference; lastKnownFileType = file.storyboard; name = Base; path = Base.lproj/Main.storyboard; sourceTree = "<group>"; };
		C9E71C791B978604000AE439 /* Images.xcassets */ = {isa = PBXFileReference; lastKnownFileType = folder.assetcatalog; path = Images.xcassets; sourceTree = "<group>"; };
		C9E71C7C1B978604000AE439 /* Base */ = {isa = PBXFileReference; lastKnownFileType = file.xib; name = Base; path = Base.lproj/LaunchScreen.xib; sourceTree = "<group>"; };
		C9E71C821B978604000AE439 /* Peter v ChickenTests.xctest */ = {isa = PBXFileReference; explicitFileType = wrapper.cfbundle; includeInIndex = 0; path = "Peter v ChickenTests.xctest"; sourceTree = BUILT_PRODUCTS_DIR; };
		C9E71C871B978604000AE439 /* Info.plist */ = {isa = PBXFileReference; lastKnownFileType = text.plist.xml; path = Info.plist; sourceTree = "<group>"; };
		C9E71C881B978604000AE439 /* Peter_v_ChickenTests.m */ = {isa = PBXFileReference; lastKnownFileType = sourcecode.c.objc; path = Peter_v_ChickenTests.m; sourceTree = "<group>"; };
		C9E71C921B978704000AE439 /* Tile.h */ = {isa = PBXFileReference; fileEncoding = 4; lastKnownFileType = sourcecode.c.h; path = Tile.h; sourceTree = "<group>"; };
		C9E71C931B978704000AE439 /* Tile.m */ = {isa = PBXFileReference; fileEncoding = 4; lastKnownFileType = sourcecode.c.objc; path = Tile.m; sourceTree = "<group>"; };
		C9E71C951B978715000AE439 /* Character.h */ = {isa = PBXFileReference; fileEncoding = 4; lastKnownFileType = sourcecode.c.h; path = Character.h; sourceTree = "<group>"; };
		C9E71C961B978715000AE439 /* Character.m */ = {isa = PBXFileReference; fileEncoding = 4; lastKnownFileType = sourcecode.c.objc; path = Character.m; sourceTree = "<group>"; };
		C9E71C981B978736000AE439 /* Armor.h */ = {isa = PBXFileReference; fileEncoding = 4; lastKnownFileType = sourcecode.c.h; path = Armor.h; sourceTree = "<group>"; };
		C9E71C991B978736000AE439 /* Armor.m */ = {isa = PBXFileReference; fileEncoding = 4; lastKnownFileType = sourcecode.c.objc; path = Armor.m; sourceTree = "<group>"; };
		C9E71C9B1B978743000AE439 /* Weapon.h */ = {isa = PBXFileReference; fileEncoding = 4; lastKnownFileType = sourcecode.c.h; path = Weapon.h; sourceTree = "<group>"; };
		C9E71C9C1B978743000AE439 /* Weapon.m */ = {isa = PBXFileReference; fileEncoding = 4; lastKnownFileType = sourcecode.c.objc; path = Weapon.m; sourceTree = "<group>"; };
		C9E71C9E1B978765000AE439 /* Factory.h */ = {isa = PBXFileReference; fileEncoding = 4; lastKnownFileType = sourcecode.c.h; path = Factory.h; sourceTree = "<group>"; };
		C9E71C9F1B978765000AE439 /* Factory.m */ = {isa = PBXFileReference; fileEncoding = 4; lastKnownFileType = sourcecode.c.objc; path = Factory.m; sourceTree = "<group>"; };
		C9E71CA31B9787B4000AE439 /* Boss.h */ = {isa = PBXFileReference; fileEncoding = 4; lastKnownFileType = sourcecode.c.h; path = Boss.h; sourceTree = "<group>"; };
		C9E71CA41B9787B4000AE439 /* Boss.m */ = {isa = PBXFileReference; fileEncoding = 4; lastKnownFileType = sourcecode.c.objc; path = Boss.m; sourceTree = "<group>"; };
		C9E71CAB1B978C8D000AE439 /* arrow-mini-down-icon.png */ = {isa = PBXFileReference; lastKnownFileType = image.png; path = "arrow-mini-down-icon.png"; sourceTree = "<group>"; };
		C9E71CAC1B978C8D000AE439 /* arrow-mini-left-icon.png */ = {isa = PBXFileReference; lastKnownFileType = image.png; path = "arrow-mini-left-icon.png"; sourceTree = "<group>"; };
		C9E71CAD1B978C8D000AE439 /* arrow-mini-right-icon.png */ = {isa = PBXFileReference; lastKnownFileType = image.png; path = "arrow-mini-right-icon.png"; sourceTree = "<group>"; };
		C9E71CAE1B978C8D000AE439 /* arrow-mini-up-icon.png */ = {isa = PBXFileReference; lastKnownFileType = image.png; path = "arrow-mini-up-icon.png"; sourceTree = "<group>"; };
		C9E71CAF1B978C8D000AE439 /* damage.png */ = {isa = PBXFileReference; lastKnownFileType = image.png; path = damage.png; sourceTree = "<group>"; };
		C9E71CBA1B9E65B4000AE439 /* armor.png */ = {isa = PBXFileReference; lastKnownFileType = image.png; path = armor.png; sourceTree = "<group>"; };
		C9E71CBB1B9E65B4000AE439 /* heart.png */ = {isa = PBXFileReference; lastKnownFileType = image.png; path = heart.png; sourceTree = "<group>"; };
		C9E71CBC1B9E65B4000AE439 /* weapon.png */ = {isa = PBXFileReference; lastKnownFileType = image.png; path = weapon.png; sourceTree = "<group>"; };
		C9E71CC21B9F6B0C000AE439 /* t1_joeshouse.png */ = {isa = PBXFileReference; lastKnownFileType = image.png; path = t1_joeshouse.png; sourceTree = "<group>"; };
		C9E71CC31B9F6B0C000AE439 /* t2_pawtucketbrewery.jpg */ = {isa = PBXFileReference; lastKnownFileType = image.jpeg; path = t2_pawtucketbrewery.jpg; sourceTree = "<group>"; };
		C9E71CC41B9F6B0C000AE439 /* t3_herbert.png */ = {isa = PBXFileReference; lastKnownFileType = image.png; path = t3_herbert.png; sourceTree = "<group>"; };
		C9E71CC51B9F6B0C000AE439 /* t4_griffinshouse.jpg */ = {isa = PBXFileReference; lastKnownFileType = image.jpeg; path = t4_griffinshouse.jpg; sourceTree = "<group>"; };
		C9E71CC61B9F6B0C000AE439 /* t5_quahogminimart.jpg */ = {isa = PBXFileReference; lastKnownFileType = image.jpeg; path = t5_quahogminimart.jpg; sourceTree = "<group>"; };
		C9E71CC71B9F6B0C000AE439 /* t6_quagmirescabin.png */ = {isa = PBXFileReference; lastKnownFileType = image.png; path = t6_quagmirescabin.png; sourceTree = "<group>"; };
		C9E71CC81B9F6B0C000AE439 /* t10_quagmireshouse.gif */ = {isa = PBXFileReference; lastKnownFileType = image.gif; path = t10_quagmireshouse.gif; sourceTree = "<group>"; };
		C9E71CC91B9F6B0C000AE439 /* t8_quahogmedical.png */ = {isa = PBXFileReference; lastKnownFileType = image.png; path = t8_quahogmedical.png; sourceTree = "<group>"; };
		C9E71CCA1B9F6B0C000AE439 /* t9_potatosalad.jpg */ = {isa = PBXFileReference; lastKnownFileType = image.jpeg; path = t9_potatosalad.jpg; sourceTree = "<group>"; };
		C9E71CCB1B9F6B0C000AE439 /* t7_meg.jpg */ = {isa = PBXFileReference; lastKnownFileType = image.jpeg; path = t7_meg.jpg; sourceTree = "<group>"; };
		C9E71CCC1B9F6B0C000AE439 /* t11_thedrunkenclam.jpg */ = {isa = PBXFileReference; lastKnownFileType = image.jpeg; path = t11_thedrunkenclam.jpg; sourceTree = "<group>"; };
		C9E71CCD1B9F6B0C000AE439 /* t12_chicken.jpeg */ = {isa = PBXFileReference; lastKnownFileType = image.jpeg; path = t12_chicken.jpeg; sourceTree = "<group>"; };
		C9E71CDA1B9F7759000AE439 /* peter101.jpeg */ = {isa = PBXFileReference; lastKnownFileType = image.jpeg; path = peter101.jpeg; sourceTree = "<group>"; };
		C9E71CDC1BA0B25E000AE439 /* peter_bloody2.jpg */ = {isa = PBXFileReference; lastKnownFileType = image.jpeg; path = peter_bloody2.jpg; sourceTree = "<group>"; };
/* End PBXFileReference section */

/* Begin PBXFrameworksBuildPhase section */
		C9E71C661B978603000AE439 /* Frameworks */ = {
			isa = PBXFrameworksBuildPhase;
			buildActionMask = 2147483647;
			files = (
			);
			runOnlyForDeploymentPostprocessing = 0;
		};
		C9E71C7F1B978604000AE439 /* Frameworks */ = {
			isa = PBXFrameworksBuildPhase;
			buildActionMask = 2147483647;
			files = (
			);
			runOnlyForDeploymentPostprocessing = 0;
		};
/* End PBXFrameworksBuildPhase section */

/* Begin PBXGroup section */
		C9E71C601B978603000AE439 = {
			isa = PBXGroup;
			children = (
				C9E71C6B1B978604000AE439 /* Peter v Chicken */,
				C9E71C851B978604000AE439 /* Peter v ChickenTests */,
				C9E71C6A1B978603000AE439 /* Products */,
			);
			sourceTree = "<group>";
		};
		C9E71C6A1B978603000AE439 /* Products */ = {
			isa = PBXGroup;
			children = (
				C9E71C691B978603000AE439 /* Peter v Chicken.app */,
				C9E71C821B978604000AE439 /* Peter v ChickenTests.xctest */,
			);
			name = Products;
			sourceTree = "<group>";
		};
		C9E71C6B1B978604000AE439 /* Peter v Chicken */ = {
			isa = PBXGroup;
			children = (
				C9E71C701B978604000AE439 /* AppDelegate.h */,
				C9E71C711B978604000AE439 /* AppDelegate.m */,
				C9E71C731B978604000AE439 /* ViewController.h */,
				C9E71C741B978604000AE439 /* ViewController.m */,
				C9E71C761B978604000AE439 /* Main.storyboard */,
				C9E71CA11B978783000AE439 /* Factory */,
				C9E71CA91B9787EF000AE439 /* Tile */,
				C9E71CA71B9787C3000AE439 /* Armor */,
				C9E71CA81B9787C9000AE439 /* Weapon */,
				C9E71CA21B97878D000AE439 /* Peter */,
				C9E71CA61B9787BB000AE439 /* Chicken */,
				C9E71C791B978604000AE439 /* Images.xcassets */,
				C9E71C7B1B978604000AE439 /* LaunchScreen.xib */,
				C9E71C6C1B978604000AE439 /* Supporting Files */,
			);
			path = "Peter v Chicken";
			sourceTree = "<group>";
		};
		C9E71C6C1B978604000AE439 /* Supporting Files */ = {
			isa = PBXGroup;
			children = (
				C9E71CAB1B978C8D000AE439 /* arrow-mini-down-icon.png */,
				C9E71CAC1B978C8D000AE439 /* arrow-mini-left-icon.png */,
				C9E71CAD1B978C8D000AE439 /* arrow-mini-right-icon.png */,
				C9E71CBA1B9E65B4000AE439 /* armor.png */,
				C9E71CC21B9F6B0C000AE439 /* t1_joeshouse.png */,
				C9E71CC31B9F6B0C000AE439 /* t2_pawtucketbrewery.jpg */,
				C9E71CC41B9F6B0C000AE439 /* t3_herbert.png */,
				C9E71CC51B9F6B0C000AE439 /* t4_griffinshouse.jpg */,
				C9E71CC61B9F6B0C000AE439 /* t5_quahogminimart.jpg */,
				C9E71CC71B9F6B0C000AE439 /* t6_quagmirescabin.png */,
				C9E71CC81B9F6B0C000AE439 /* t10_quagmireshouse.gif */,
				C9E71CC91B9F6B0C000AE439 /* t8_quahogmedical.png */,
				C9E71CDC1BA0B25E000AE439 /* peter_bloody2.jpg */,
				C9E71CCA1B9F6B0C000AE439 /* t9_potatosalad.jpg */,
				C9E71CCB1B9F6B0C000AE439 /* t7_meg.jpg */,
				C9E71CCC1B9F6B0C000AE439 /* t11_thedrunkenclam.jpg */,
				C9E71CCD1B9F6B0C000AE439 /* t12_chicken.jpeg */,
				C9E71CDA1B9F7759000AE439 /* peter101.jpeg */,
				C9E71CBB1B9E65B4000AE439 /* heart.png */,
				C9E71CBC1B9E65B4000AE439 /* weapon.png */,
				C9E71CAE1B978C8D000AE439 /* arrow-mini-up-icon.png */,
				C9E71CAF1B978C8D000AE439 /* damage.png */,
				C9E71C6D1B978604000AE439 /* Info.plist */,
				C9E71C6E1B978604000AE439 /* main.m */,
			);
			name = "Supporting Files";
			sourceTree = "<group>";
		};
		C9E71C851B978604000AE439 /* Peter v ChickenTests */ = {
			isa = PBXGroup;
			children = (
				C9E71C881B978604000AE439 /* Peter_v_ChickenTests.m */,
				C9E71C861B978604000AE439 /* Supporting Files */,
			);
			path = "Peter v ChickenTests";
			sourceTree = "<group>";
		};
		C9E71C861B978604000AE439 /* Supporting Files */ = {
			isa = PBXGroup;
			children = (
				C9E71C871B978604000AE439 /* Info.plist */,
			);
			name = "Supporting Files";
			sourceTree = "<group>";
		};
		C9E71CA11B978783000AE439 /* Factory */ = {
			isa = PBXGroup;
			children = (
				C9E71C9E1B978765000AE439 /* Factory.h */,
				C9E71C9F1B978765000AE439 /* Factory.m */,
			);
			name = Factory;
			sourceTree = "<group>";
		};
		C9E71CA21B97878D000AE439 /* Peter */ = {
			isa = PBXGroup;
			children = (
				C9E71C951B978715000AE439 /* Character.h */,
				C9E71C961B978715000AE439 /* Character.m */,
			);
			name = Peter;
			sourceTree = "<group>";
		};
		C9E71CA61B9787BB000AE439 /* Chicken */ = {
			isa = PBXGroup;
			children = (
				C9E71CA31B9787B4000AE439 /* Boss.h */,
				C9E71CA41B9787B4000AE439 /* Boss.m */,
			);
			name = Chicken;
			sourceTree = "<group>";
		};
		C9E71CA71B9787C3000AE439 /* Armor */ = {
			isa = PBXGroup;
			children = (
				C9E71C981B978736000AE439 /* Armor.h */,
				C9E71C991B978736000AE439 /* Armor.m */,
			);
			name = Armor;
			sourceTree = "<group>";
		};
		C9E71CA81B9787C9000AE439 /* Weapon */ = {
			isa = PBXGroup;
			children = (
				C9E71C9B1B978743000AE439 /* Weapon.h */,
				C9E71C9C1B978743000AE439 /* Weapon.m */,
			);
			name = Weapon;
			sourceTree = "<group>";
		};
		C9E71CA91B9787EF000AE439 /* Tile */ = {
			isa = PBXGroup;
			children = (
				C9E71C921B978704000AE439 /* Tile.h */,
				C9E71C931B978704000AE439 /* Tile.m */,
			);
			name = Tile;
			sourceTree = "<group>";
		};
/* End PBXGroup section */

/* Begin PBXNativeTarget section */
		C9E71C681B978603000AE439 /* Peter v Chicken */ = {
			isa = PBXNativeTarget;
			buildConfigurationList = C9E71C8C1B978604000AE439 /* Build configuration list for PBXNativeTarget "Peter v Chicken" */;
			buildPhases = (
				C9E71C651B978603000AE439 /* Sources */,
				C9E71C661B978603000AE439 /* Frameworks */,
				C9E71C671B978603000AE439 /* Resources */,
			);
			buildRules = (
			);
			dependencies = (
			);
			name = "Peter v Chicken";
			productName = "Peter v Chicken";
			productReference = C9E71C691B978603000AE439 /* Peter v Chicken.app */;
			productType = "com.apple.product-type.application";
		};
		C9E71C811B978604000AE439 /* Peter v ChickenTests */ = {
			isa = PBXNativeTarget;
			buildConfigurationList = C9E71C8F1B978604000AE439 /* Build configuration list for PBXNativeTarget "Peter v ChickenTests" */;
			buildPhases = (
				C9E71C7E1B978604000AE439 /* Sources */,
				C9E71C7F1B978604000AE439 /* Frameworks */,
				C9E71C801B978604000AE439 /* Resources */,
			);
			buildRules = (
			);
			dependencies = (
				C9E71C841B978604000AE439 /* PBXTargetDependency */,
			);
			name = "Peter v ChickenTests";
			productName = "Peter v ChickenTests";
			productReference = C9E71C821B978604000AE439 /* Peter v ChickenTests.xctest */;
			productType = "com.apple.product-type.bundle.unit-test";
		};
/* End PBXNativeTarget section */

/* Begin PBXProject section */
		C9E71C611B978603000AE439 /* Project object */ = {
			isa = PBXProject;
			attributes = {
				LastUpgradeCheck = 0620;
				ORGANIZATIONNAME = Vento;
				TargetAttributes = {
					C9E71C681B978603000AE439 = {
						CreatedOnToolsVersion = 6.2;
					};
					C9E71C811B978604000AE439 = {
						CreatedOnToolsVersion = 6.2;
						TestTargetID = C9E71C681B978603000AE439;
					};
				};
			};
			buildConfigurationList = C9E71C641B978603000AE439 /* Build configuration list for PBXProject "Peter v Chicken" */;
			compatibilityVersion = "Xcode 3.2";
			developmentRegion = English;
			hasScannedForEncodings = 0;
			knownRegions = (
				en,
				Base,
			);
			mainGroup = C9E71C601B978603000AE439;
			productRefGroup = C9E71C6A1B978603000AE439 /* Products */;
			projectDirPath = "";
			projectRoot = "";
			targets = (
				C9E71C681B978603000AE439 /* Peter v Chicken */,
				C9E71C811B978604000AE439 /* Peter v ChickenTests */,
			);
		};
/* End PBXProject section */

/* Begin PBXResourcesBuildPhase section */
		C9E71C671B978603000AE439 /* Resources */ = {
			isa = PBXResourcesBuildPhase;
			buildActionMask = 2147483647;
			files = (
				C9E71C781B978604000AE439 /* Main.storyboard in Resources */,
				C9E71CB41B978C8D000AE439 /* arrow-mini-left-icon.png in Resources */,
				C9E71CBE1B9E65B4000AE439 /* heart.png in Resources */,
				C9E71CBF1B9E65B4000AE439 /* weapon.png in Resources */,
				C9E71CD31B9F6B0C000AE439 /* t6_quagmirescabin.png in Resources */,
				C9E71CD21B9F6B0C000AE439 /* t5_quahogminimart.jpg in Resources */,
				C9E71CB51B978C8D000AE439 /* arrow-mini-right-icon.png in Resources */,
				C9E71CD91B9F6B0C000AE439 /* t12_chicken.jpeg in Resources */,
				C9E71CD11B9F6B0C000AE439 /* t4_griffinshouse.jpg in Resources */,
				C9E71C7D1B978604000AE439 /* LaunchScreen.xib in Resources */,
				C9E71CD01B9F6B0C000AE439 /* t3_herbert.png in Resources */,
				C9E71CCF1B9F6B0C000AE439 /* t2_pawtucketbrewery.jpg in Resources */,
				C9E71CBD1B9E65B4000AE439 /* armor.png in Resources */,
				C9E71CB31B978C8D000AE439 /* arrow-mini-down-icon.png in Resources */,
				C9E71CD51B9F6B0C000AE439 /* t8_quahogmedical.png in Resources */,
				C9E71CB61B978C8D000AE439 /* arrow-mini-up-icon.png in Resources */,
				C9E71CD41B9F6B0C000AE439 /* t10_quagmireshouse.gif in Resources */,
				C9E71CDD1BA0B25E000AE439 /* peter_bloody2.jpg in Resources */,
				C9E71CD81B9F6B0C000AE439 /* t11_thedrunkenclam.jpg in Resources */,
				C9E71CD71B9F6B0C000AE439 /* t7_meg.jpg in Resources */,
				C9E71CDB1B9F7759000AE439 /* peter101.jpeg in Resources */,
				C9E71CCE1B9F6B0C000AE439 /* t1_joeshouse.png in Resources */,
				C9E71CB71B978C8D000AE439 /* damage.png in Resources */,
				C9E71C7A1B978604000AE439 /* Images.xcassets in Resources */,
				C9E71CD61B9F6B0C000AE439 /* t9_potatosalad.jpg in Resources */,
			);
			runOnlyForDeploymentPostprocessing = 0;
		};
		C9E71C801B978604000AE439 /* Resources */ = {
			isa = PBXResourcesBuildPhase;
			buildActionMask = 2147483647;
			files = (
			);
			runOnlyForDeploymentPostprocessing = 0;
		};
/* End PBXResourcesBuildPhase section */

/* Begin PBXSourcesBuildPhase section */
		C9E71C651B978603000AE439 /* Sources */ = {
			isa = PBXSourcesBuildPhase;
			buildActionMask = 2147483647;
			files = (
				C9E71C9D1B978743000AE439 /* Weapon.m in Sources */,
				C9E71C751B978604000AE439 /* ViewController.m in Sources */,
				C9E71C971B978715000AE439 /* Character.m in Sources */,
				C9E71C721B978604000AE439 /* AppDelegate.m in Sources */,
				C9E71CA01B978765000AE439 /* Factory.m in Sources */,
				C9E71C9A1B978736000AE439 /* Armor.m in Sources */,
				C9E71CA51B9787B4000AE439 /* Boss.m in Sources */,
				C9E71C6F1B978604000AE439 /* main.m in Sources */,
				C9E71C941B978704000AE439 /* Tile.m in Sources */,
			);
			runOnlyForDeploymentPostprocessing = 0;
		};
		C9E71C7E1B978604000AE439 /* Sources */ = {
			isa = PBXSourcesBuildPhase;
			buildActionMask = 2147483647;
			files = (
				C9E71C891B978604000AE439 /* Peter_v_ChickenTests.m in Sources */,
			);
			runOnlyForDeploymentPostprocessing = 0;
		};
/* End PBXSourcesBuildPhase section */

/* Begin PBXTargetDependency section */
		C9E71C841B978604000AE439 /* PBXTargetDependency */ = {
			isa = PBXTargetDependency;
			target = C9E71C681B978603000AE439 /* Peter v Chicken */;
			targetProxy = C9E71C831B978604000AE439 /* PBXContainerItemProxy */;
		};
/* End PBXTargetDependency section */

/* Begin PBXVariantGroup section */
		C9E71C761B978604000AE439 /* Main.storyboard */ = {
			isa = PBXVariantGroup;
			children = (
				C9E71C771B978604000AE439 /* Base */,
			);
			name = Main.storyboard;
			sourceTree = "<group>";
		};
		C9E71C7B1B978604000AE439 /* LaunchScreen.xib */ = {
			isa = PBXVariantGroup;
			children = (
				C9E71C7C1B978604000AE439 /* Base */,
			);
			name = LaunchScreen.xib;
			sourceTree = "<group>";
		};
/* End PBXVariantGroup section */

/* Begin XCBuildConfiguration section */
		C9E71C8A1B978604000AE439 /* Debug */ = {
			isa = XCBuildConfiguration;
			buildSettings = {
				ALWAYS_SEARCH_USER_PATHS = NO;
				CLANG_CXX_LANGUAGE_STANDARD = "gnu++0x";
				CLANG_CXX_LIBRARY = "libc++";
				CLANG_ENABLE_MODULES = YES;
				CLANG_ENABLE_OBJC_ARC = YES;
				CLANG_WARN_BOOL_CONVERSION = YES;
				CLANG_WARN_CONSTANT_CONVERSION = YES;
				CLANG_WARN_DIRECT_OBJC_ISA_USAGE = YES_ERROR;
				CLANG_WARN_EMPTY_BODY = YES;
				CLANG_WARN_ENUM_CONVERSION = YES;
				CLANG_WARN_INT_CONVERSION = YES;
				CLANG_WARN_OBJC_ROOT_CLASS = YES_ERROR;
				CLANG_WARN_UNREACHABLE_CODE = YES;
				CLANG_WARN__DUPLICATE_METHOD_MATCH = YES;
				"CODE_SIGN_IDENTITY[sdk=iphoneos*]" = "iPhone Developer";
				COPY_PHASE_STRIP = NO;
				ENABLE_STRICT_OBJC_MSGSEND = YES;
				GCC_C_LANGUAGE_STANDARD = gnu99;
				GCC_DYNAMIC_NO_PIC = NO;
				GCC_OPTIMIZATION_LEVEL = 0;
				GCC_PREPROCESSOR_DEFINITIONS = (
					"DEBUG=1",
					"$(inherited)",
				);
				GCC_SYMBOLS_PRIVATE_EXTERN = NO;
				GCC_WARN_64_TO_32_BIT_CONVERSION = YES;
				GCC_WARN_ABOUT_RETURN_TYPE = YES_ERROR;
				GCC_WARN_UNDECLARED_SELECTOR = YES;
				GCC_WARN_UNINITIALIZED_AUTOS = YES_AGGRESSIVE;
				GCC_WARN_UNUSED_FUNCTION = YES;
				GCC_WARN_UNUSED_VARIABLE = YES;
				IPHONEOS_DEPLOYMENT_TARGET = 8.2;
				MTL_ENABLE_DEBUG_INFO = YES;
				ONLY_ACTIVE_ARCH = YES;
				SDKROOT = iphoneos;
			};
			name = Debug;
		};
		C9E71C8B1B978604000AE439 /* Release */ = {
			isa = XCBuildConfiguration;
			buildSettings = {
				ALWAYS_SEARCH_USER_PATHS = NO;
				CLANG_CXX_LANGUAGE_STANDARD = "gnu++0x";
				CLANG_CXX_LIBRARY = "libc++";
				CLANG_ENABLE_MODULES = YES;
				CLANG_ENABLE_OBJC_ARC = YES;
				CLANG_WARN_BOOL_CONVERSION = YES;
				CLANG_WARN_CONSTANT_CONVERSION = YES;
				CLANG_WARN_DIRECT_OBJC_ISA_USAGE = YES_ERROR;
				CLANG_WARN_EMPTY_BODY = YES;
				CLANG_WARN_ENUM_CONVERSION = YES;
				CLANG_WARN_INT_CONVERSION = YES;
				CLANG_WARN_OBJC_ROOT_CLASS = YES_ERROR;
				CLANG_WARN_UNREACHABLE_CODE = YES;
				CLANG_WARN__DUPLICATE_METHOD_MATCH = YES;
				"CODE_SIGN_IDENTITY[sdk=iphoneos*]" = "iPhone Developer";
				COPY_PHASE_STRIP = NO;
				ENABLE_NS_ASSERTIONS = NO;
				ENABLE_STRICT_OBJC_MSGSEND = YES;
				GCC_C_LANGUAGE_STANDARD = gnu99;
				GCC_WARN_64_TO_32_BIT_CONVERSION = YES;
				GCC_WARN_ABOUT_RETURN_TYPE = YES_ERROR;
				GCC_WARN_UNDECLARED_SELECTOR = YES;
				GCC_WARN_UNINITIALIZED_AUTOS = YES_AGGRESSIVE;
				GCC_WARN_UNUSED_FUNCTION = YES;
				GCC_WARN_UNUSED_VARIABLE = YES;
				IPHONEOS_DEPLOYMENT_TARGET = 8.2;
				MTL_ENABLE_DEBUG_INFO = NO;
				SDKROOT = iphoneos;
				VALIDATE_PRODUCT = YES;
			};
			name = Release;
		};
		C9E71C8D1B978604000AE439 /* Debug */ = {
			isa = XCBuildConfiguration;
			buildSettings = {
				ASSETCATALOG_COMPILER_APPICON_NAME = AppIcon;
				INFOPLIST_FILE = "Peter v Chicken/Info.plist";
				LD_RUNPATH_SEARCH_PATHS = "$(inherited) @executable_path/Frameworks";
				PRODUCT_NAME = "$(TARGET_NAME)";
			};
			name = Debug;
		};
		C9E71C8E1B978604000AE439 /* Release */ = {
			isa = XCBuildConfiguration;
			buildSettings = {
				ASSETCATALOG_COMPILER_APPICON_NAME = AppIcon;
				INFOPLIST_FILE = "Peter v Chicken/Info.plist";
				LD_RUNPATH_SEARCH_PATHS = "$(inherited) @executable_path/Frameworks";
				PRODUCT_NAME = "$(TARGET_NAME)";
			};
			name = Release;
		};
		C9E71C901B978604000AE439 /* Debug */ = {
			isa = XCBuildConfiguration;
			buildSettings = {
				BUNDLE_LOADER = "$(TEST_HOST)";
				FRAMEWORK_SEARCH_PATHS = (
					"$(SDKROOT)/Developer/Library/Frameworks",
					"$(inherited)",
				);
				GCC_PREPROCESSOR_DEFINITIONS = (
					"DEBUG=1",
					"$(inherited)",
				);
				INFOPLIST_FILE = "Peter v ChickenTests/Info.plist";
				LD_RUNPATH_SEARCH_PATHS = "$(inherited) @executable_path/Frameworks @loader_path/Frameworks";
				PRODUCT_NAME = "$(TARGET_NAME)";
				TEST_HOST = "$(BUILT_PRODUCTS_DIR)/Peter v Chicken.app/Peter v Chicken";
			};
			name = Debug;
		};
		C9E71C911B978604000AE439 /* Release */ = {
			isa = XCBuildConfiguration;
			buildSettings = {
				BUNDLE_LOADER = "$(TEST_HOST)";
				FRAMEWORK_SEARCH_PATHS = (
					"$(SDKROOT)/Developer/Library/Frameworks",
					"$(inherited)",
				);
				INFOPLIST_FILE = "Peter v ChickenTests/Info.plist";
				LD_RUNPATH_SEARCH_PATHS = "$(inherited) @executable_path/Frameworks @loader_path/Frameworks";
				PRODUCT_NAME = "$(TARGET_NAME)";
				TEST_HOST = "$(BUILT_PRODUCTS_DIR)/Peter v Chicken.app/Peter v Chicken";
			};
			name = Release;
		};
/* End XCBuildConfiguration section */

/* Begin XCConfigurationList section */
		C9E71C641B978603000AE439 /* Build configuration list for PBXProject "Peter v Chicken" */ = {
			isa = XCConfigurationList;
			buildConfigurations = (
				C9E71C8A1B978604000AE439 /* Debug */,
				C9E71C8B1B978604000AE439 /* Release */,
			);
			defaultConfigurationIsVisible = 0;
			defaultConfigurationName = Release;
		};
		C9E71C8C1B978604000AE439 /* Build configuration list for PBXNativeTarget "Peter v Chicken" */ = {
			isa = XCConfigurationList;
			buildConfigurations = (
				C9E71C8D1B978604000AE439 /* Debug */,
				C9E71C8E1B978604000AE439 /* Release */,
			);
			defaultConfigurationIsVisible = 0;
		};
		C9E71C8F1B978604000AE439 /* Build configuration list for PBXNativeTarget "Peter v ChickenTests" */ = {
			isa = XCConfigurationList;
			buildConfigurations = (
				C9E71C901B978604000AE439 /* Debug */,
				C9E71C911B978604000AE439 /* Release */,
			);
			defaultConfigurationIsVisible = 0;
		};
/* End XCConfigurationList section */
	};
	rootObject = C9E71C611B978603000AE439 /* Project object */;
}
